PODS:
  - libextobjc/EXTScope (0.6):
    - libextobjc/RuntimeExtensions
  - libextobjc/RuntimeExtensions (0.6)

DEPENDENCIES:
  - libextobjc/EXTScope

SPEC REPOS:
  trunk:
    - libextobjc

SPEC CHECKSUMS:
  libextobjc: aed8b7d2b07f511c1a7ecaacb33ea03e327c69b7

PODFILE CHECKSUM: 96b5fefd5ca155cd40e201fe0d5cefde946f4b25

COCOAPODS: 1.12.0
